Microsoft Visual Studio Solution File, Format Version 12.00
# Visual Studio Version 17
VisualStudioVersion = 17.13.35818.85 d17.13
MinimumVisualStudioVersion = 10.0.40219.1
Project("{FAE04EC0-301F-11D3-BF4B-00C04F79EFBC}") = "Bdev.Net.Dns.NUnit", "Bdev.Net.Dns.NUnit\Bdev.Net.Dns.NUnit.csproj", "{7026C4B0-FA7C-488E-BFBE-FF13F72E6AA5}"
EndProject
Project("{9A19103F-16F7-4668-BE54-9A1E7A4F7556}") = "Bdev.Net.Dns", "Bdev.Net.Dns\Bdev.Net.Dns.csproj", "{6D765924-73E9-49AE-8A97-DA24958A540C}"
EndProject
Project("{FAE04EC0-301F-11D3-BF4B-00C04F79EFBC}") = "DnsExample", "DnsExample\DnsExample.csproj", "{2D7481E0-6E80-4C2C-B8D2-92500741F791}"
EndProject
Project("{2150E333-8FDC-42A3-9474-1A3956D46DE8}") = "Solution Items", "Solution Items", "{A45044D9-72D3-4537-9121-FB2A7825D78C}"
	ProjectSection(SolutionItems) = preProject
		.gitignore = .gitignore
		build-nuget-packages.cmd = build-nuget-packages.cmd
		build-nuget-packages.ps1 = build-nuget-packages.ps1
		dns_128_px.png = dns_128_px.png
		README.md = README.md
	EndProjectSection
EndProject
Global
	GlobalSection(SolutionConfigurationPlatforms) = preSolution
		Debug|Any CPU = Debug|Any CPU
		Release|Any CPU = Release|Any CPU
	EndGlobalSection
	GlobalSection(ProjectConfigurationPlatforms) = postSolution
		{7026C4B0-FA7C-488E-BFBE-FF13F72E6AA5}.Debug|Any CPU.ActiveCfg = Debug|Any CPU
		{7026C4B0-FA7C-488E-BFBE-FF13F72E6AA5}.Debug|Any CPU.Build.0 = Debug|Any CPU
		{7026C4B0-FA7C-488E-BFBE-FF13F72E6AA5}.Release|Any CPU.ActiveCfg = Release|Any CPU
		{7026C4B0-FA7C-488E-BFBE-FF13F72E6AA5}.Release|Any CPU.Build.0 = Release|Any CPU
		{6D765924-73E9-49AE-8A97-DA24958A540C}.Debug|Any CPU.ActiveCfg = Debug|Any CPU
		{6D765924-73E9-49AE-8A97-DA24958A540C}.Debug|Any CPU.Build.0 = Debug|Any CPU
		{6D765924-73E9-49AE-8A97-DA24958A540C}.Release|Any CPU.ActiveCfg = Release|Any CPU
		{6D765924-73E9-49AE-8A97-DA24958A540C}.Release|Any CPU.Build.0 = Release|Any CPU
		{2D7481E0-6E80-4C2C-B8D2-92500741F791}.Debug|Any CPU.ActiveCfg = Debug|Any CPU
		{2D7481E0-6E80-4C2C-B8D2-92500741F791}.Debug|Any CPU.Build.0 = Debug|Any CPU
		{2D7481E0-6E80-4C2C-B8D2-92500741F791}.Release|Any CPU.ActiveCfg = Release|Any CPU
		{2D7481E0-6E80-4C2C-B8D2-92500741F791}.Release|Any CPU.Build.0 = Release|Any CPU
	EndGlobalSection
	GlobalSection(SolutionProperties) = preSolution
		HideSolutionNode = FALSE
	EndGlobalSection
	GlobalSection(ExtensibilityGlobals) = postSolution
		SolutionGuid = {9AC25F63-D623-4F43-B51A-D2F967BE19B0}
	EndGlobalSection
EndGlobal
